{
  "name": "new-package",
  "version": "1.0.0",
  "lockfileVersion": 3,
  "requires": true,
  "packages": {
    "": {
      "name": "new-package",
      "version": "1.0.0",
      "license": "ISC",
      "dependencies": {
        "@jsinghofficial/my-custom-package": "^1.0.0"
      }
    },
    "node_modules/@jsinghofficial/my-custom-package": {
      "version": "1.0.0",
      "resolved": "https://registry.npmjs.org/@jsinghofficial/my-custom-package/-/my-custom-package-1.0.0.tgz",
      "integrity": "sha512-PJZHTy2Z0UcupPXDPGF3/YX5eJlqUrLWt5nm9ye215aDp8yAQCAFblwIA0lBFyFuXDjCx/+K/z7peyL2/wq17A==",
      "license": "ISC",
      "dependencies": {
        "upper-case": "^3.0.0"
      }
    },
    "node_modules/upper-case": {
      "version": "3.0.0",
      "resolved": "https://registry.npmjs.org/upper-case/-/upper-case-3.0.0.tgz",
      "integrity": "sha512-q6ZAk+RaBO94GGFpdM6GJ2pOXx6Ky/BK9xluGUqMYvY6qZjFN7RPbzqcd+OBru8tRFlcLcS40AIrIq48VhcTIA==",
      "deprecated": "Use `str.toLocaleUpperCase` or `str.toUpperCase`",
      "license": "MIT"
    }
  }
}
